
Microsoft Visual Studio Solution File, Format Version 12.00
# Visual Studio for Mac
Project("{FAE04EC0-301F-11D3-BF4B-00C04F79EFBC}") = "Assembly-CSharp", "Assembly-CSharp.csproj", "{1D4F5CBA-4C67-A807-3747-DAE77A41FA53}"
EndProject
Project("{FAE04EC0-301F-11D3-BF4B-00C04F79EFBC}") = "Lasp", "Lasp.csproj", "{F8F1B256-4F11-2983-E821-8FDACC97B906}"
EndProject
Project("{FAE04EC0-301F-11D3-BF4B-00C04F79EFBC}") = "Assembly-CSharp-Editor", "Assembly-CSharp-Editor.csproj", "{B5D9FE79-E097-719E-B10D-144120950244}"
EndProject
Project("{FAE04EC0-301F-11D3-BF4B-00C04F79EFBC}") = "Lasp.Editor", "Lasp.Editor.csproj", "{0C9724D2-6226-BC0A-8B02-B392A10E2588}"
EndProject
Global
	GlobalSection(SolutionConfigurationPlatforms) = preSolution
		Debug|Any CPU = Debug|Any CPU
		Release|Any CPU = Release|Any CPU
	EndGlobalSection
	GlobalSection(ProjectConfigurationPlatforms) = postSolution
		{1D4F5CBA-4C67-A807-3747-DAE77A41FA53}.Debug|Any CPU.ActiveCfg = Debug|Any CPU
		{1D4F5CBA-4C67-A807-3747-DAE77A41FA53}.Debug|Any CPU.Build.0 = Debug|Any CPU
		{1D4F5CBA-4C67-A807-3747-DAE77A41FA53}.Release|Any CPU.ActiveCfg = Release|Any CPU
		{1D4F5CBA-4C67-A807-3747-DAE77A41FA53}.Release|Any CPU.Build.0 = Release|Any CPU
		{F8F1B256-4F11-2983-E821-8FDACC97B906}.Debug|Any CPU.ActiveCfg = Debug|Any CPU
		{F8F1B256-4F11-2983-E821-8FDACC97B906}.Debug|Any CPU.Build.0 = Debug|Any CPU
		{F8F1B256-4F11-2983-E821-8FDACC97B906}.Release|Any CPU.ActiveCfg = Release|Any CPU
		{F8F1B256-4F11-2983-E821-8FDACC97B906}.Release|Any CPU.Build.0 = Release|Any CPU
		{B5D9FE79-E097-719E-B10D-144120950244}.Debug|Any CPU.ActiveCfg = Debug|Any CPU
		{B5D9FE79-E097-719E-B10D-144120950244}.Debug|Any CPU.Build.0 = Debug|Any CPU
		{B5D9FE79-E097-719E-B10D-144120950244}.Release|Any CPU.ActiveCfg = Release|Any CPU
		{B5D9FE79-E097-719E-B10D-144120950244}.Release|Any CPU.Build.0 = Release|Any CPU
		{0C9724D2-6226-BC0A-8B02-B392A10E2588}.Debug|Any CPU.ActiveCfg = Debug|Any CPU
		{0C9724D2-6226-BC0A-8B02-B392A10E2588}.Debug|Any CPU.Build.0 = Debug|Any CPU
		{0C9724D2-6226-BC0A-8B02-B392A10E2588}.Release|Any CPU.ActiveCfg = Release|Any CPU
		{0C9724D2-6226-BC0A-8B02-B392A10E2588}.Release|Any CPU.Build.0 = Release|Any CPU
	EndGlobalSection
	GlobalSection(SolutionProperties) = preSolution
		HideSolutionNode = FALSE
	EndGlobalSection
EndGlobal
